// !$*UTF8*$!
{
	archiveVersion = 1;
	classes = {
	};
	objectVersion = 56;
	objects = {

/* Begin PBXBuildFile section */
		F939A2512C467495002168B0 /* AppDelegate.swift in Sources */ = {isa = PBXBuildFile; fileRef = F939A2502C467495002168B0 /* AppDelegate.swift */; };
		F939A2532C467495002168B0 /* SceneDelegate.swift in Sources */ = {isa = PBXBuildFile; fileRef = F939A2522C467495002168B0 /* SceneDelegate.swift */; };
		F939A2552C467495002168B0 /* ViewController.swift in Sources */ = {isa = PBXBuildFile; fileRef = F939A2542C467495002168B0 /* ViewController.swift */; };
		F939A25A2C46749C002168B0 /* Assets.xcassets in Resources */ = {isa = PBXBuildFile; fileRef = F939A2592C46749C002168B0 /* Assets.xcassets */; };
		F939A2662C490EDC002168B0 /* SunView.swift in Sources */ = {isa = PBXBuildFile; fileRef = F939A2652C490EDC002168B0 /* SunView.swift */; };
		F939A2682C492A53002168B0 /* SunWithCloudsView.swift in Sources */ = {isa = PBXBuildFile; fileRef = F939A2672C492A53002168B0 /* SunWithCloudsView.swift */; };
		F939A26A2C494AB6002168B0 /* CloudsView.swift in Sources */ = {isa = PBXBuildFile; fileRef = F939A2692C494AB6002168B0 /* CloudsView.swift */; };
		F939A26C2C4A586A002168B0 /* CloudsWithPrecipitationView.swift in Sources */ = {isa = PBXBuildFile; fileRef = F939A26B2C4A586A002168B0 /* CloudsWithPrecipitationView.swift */; };
		F939A26E2C4A6007002168B0 /* CGRectUtils.swift in Sources */ = {isa = PBXBuildFile; fileRef = F939A26D2C4A6007002168B0 /* CGRectUtils.swift */; };
		F939A2712C4A8DB6002168B0 /* PrecipitationView.swift in Sources */ = {isa = PBXBuildFile; fileRef = F939A2702C4A8DB6002168B0 /* PrecipitationView.swift */; };
		F939A2752C4A9592002168B0 /* Clouds.swift in Sources */ = {isa = PBXBuildFile; fileRef = F939A2742C4A9592002168B0 /* Clouds.swift */; };
		F939A2772C4AA156002168B0 /* StormView.swift in Sources */ = {isa = PBXBuildFile; fileRef = F939A2762C4AA156002168B0 /* StormView.swift */; };
		F939A2792C4AA53F002168B0 /* LightningsView.swift in Sources */ = {isa = PBXBuildFile; fileRef = F939A2782C4AA53F002168B0 /* LightningsView.swift */; };
		F939A27B2C4B9D44002168B0 /* Localizable.xcstrings in Resources */ = {isa = PBXBuildFile; fileRef = F939A27A2C4B9D44002168B0 /* Localizable.xcstrings */; };
		F939A27D2C4BA4F4002168B0 /* RainView.swift in Sources */ = {isa = PBXBuildFile; fileRef = F939A27C2C4BA4F4002168B0 /* RainView.swift */; };
		F939A27F2C4BA7BD002168B0 /* SnowView.swift in Sources */ = {isa = PBXBuildFile; fileRef = F939A27E2C4BA7BD002168B0 /* SnowView.swift */; };
		F939A2812C4BB5F9002168B0 /* WeatherCollectionViewCell.swift in Sources */ = {isa = PBXBuildFile; fileRef = F939A2802C4BB5F9002168B0 /* WeatherCollectionViewCell.swift */; };
		F939A2842C4BCB01002168B0 /* Precipitations.swift in Sources */ = {isa = PBXBuildFile; fileRef = F939A2832C4BCB01002168B0 /* Precipitations.swift */; };
		F939A2862C4BCB15002168B0 /* WeatherTypes.swift in Sources */ = {isa = PBXBuildFile; fileRef = F939A2852C4BCB15002168B0 /* WeatherTypes.swift */; };
		F939A2882C4BD2E8002168B0 /* BackgroundView.swift in Sources */ = {isa = PBXBuildFile; fileRef = F939A2872C4BD2E8002168B0 /* BackgroundView.swift */; };
		F939A28A2C4D7D0F002168B0 /* FogView.swift in Sources */ = {isa = PBXBuildFile; fileRef = F939A2892C4D7D0F002168B0 /* FogView.swift */; };
/* End PBXBuildFile section */

/* Begin PBXFileReference section */
		F939A24D2C467495002168B0 /* NaturalPhenomenonApp.app */ = {isa = PBXFileReference; explicitFileType = wrapper.application; includeInIndex = 0; path = NaturalPhenomenonApp.app; sourceTree = BUILT_PRODUCTS_DIR; };
		F939A2502C467495002168B0 /* AppDelegate.swift */ = {isa = PBXFileReference; lastKnownFileType = sourcecode.swift; path = AppDelegate.swift; sourceTree = "<group>"; };
		F939A2522C467495002168B0 /* SceneDelegate.swift */ = {isa = PBXFileReference; lastKnownFileType = sourcecode.swift; path = SceneDelegate.swift; sourceTree = "<group>"; };
		F939A2542C467495002168B0 /* ViewController.swift */ = {isa = PBXFileReference; lastKnownFileType = sourcecode.swift; path = ViewController.swift; sourceTree = "<group>"; };
		F939A2592C46749C002168B0 /* Assets.xcassets */ = {isa = PBXFileReference; lastKnownFileType = folder.assetcatalog; path = Assets.xcassets; sourceTree = "<group>"; };
		F939A25E2C46749C002168B0 /* Info.plist */ = {isa = PBXFileReference; lastKnownFileType = text.plist.xml; path = Info.plist; sourceTree = "<group>"; };
		F939A2652C490EDC002168B0 /* SunView.swift */ = {isa = PBXFileReference; lastKnownFileType = sourcecode.swift; path = SunView.swift; sourceTree = "<group>"; };
		F939A2672C492A53002168B0 /* SunWithCloudsView.swift */ = {isa = PBXFileReference; lastKnownFileType = sourcecode.swift; path = SunWithCloudsView.swift; sourceTree = "<group>"; };
		F939A2692C494AB6002168B0 /* CloudsView.swift */ = {isa = PBXFileReference; lastKnownFileType = sourcecode.swift; path = CloudsView.swift; sourceTree = "<group>"; };
		F939A26B2C4A586A002168B0 /* CloudsWithPrecipitationView.swift */ = {isa = PBXFileReference; lastKnownFileType = sourcecode.swift; path = CloudsWithPrecipitationView.swift; sourceTree = "<group>"; };
		F939A26D2C4A6007002168B0 /* CGRectUtils.swift */ = {isa = PBXFileReference; lastKnownFileType = sourcecode.swift; path = CGRectUtils.swift; sourceTree = "<group>"; };
		F939A2702C4A8DB6002168B0 /* PrecipitationView.swift */ = {isa = PBXFileReference; lastKnownFileType = sourcecode.swift; path = PrecipitationView.swift; sourceTree = "<group>"; };
		F939A2742C4A9592002168B0 /* Clouds.swift */ = {isa = PBXFileReference; lastKnownFileType = sourcecode.swift; path = Clouds.swift; sourceTree = "<group>"; };
		F939A2762C4AA156002168B0 /* StormView.swift */ = {isa = PBXFileReference; lastKnownFileType = sourcecode.swift; path = StormView.swift; sourceTree = "<group>"; };
		F939A2782C4AA53F002168B0 /* LightningsView.swift */ = {isa = PBXFileReference; lastKnownFileType = sourcecode.swift; path = LightningsView.swift; sourceTree = "<group>"; };
		F939A27A2C4B9D44002168B0 /* Localizable.xcstrings */ = {isa = PBXFileReference; lastKnownFileType = text.json.xcstrings; path = Localizable.xcstrings; sourceTree = "<group>"; };
		F939A27C2C4BA4F4002168B0 /* RainView.swift */ = {isa = PBXFileReference; lastKnownFileType = sourcecode.swift; path = RainView.swift; sourceTree = "<group>"; };
		F939A27E2C4BA7BD002168B0 /* SnowView.swift */ = {isa = PBXFileReference; lastKnownFileType = sourcecode.swift; path = SnowView.swift; sourceTree = "<group>"; };
		F939A2802C4BB5F9002168B0 /* WeatherCollectionViewCell.swift */ = {isa = PBXFileReference; lastKnownFileType = sourcecode.swift; path = WeatherCollectionViewCell.swift; sourceTree = "<group>"; };
		F939A2832C4BCB01002168B0 /* Precipitations.swift */ = {isa = PBXFileReference; lastKnownFileType = sourcecode.swift; path = Precipitations.swift; sourceTree = "<group>"; };
		F939A2852C4BCB15002168B0 /* WeatherTypes.swift */ = {isa = PBXFileReference; lastKnownFileType = sourcecode.swift; path = WeatherTypes.swift; sourceTree = "<group>"; };
		F939A2872C4BD2E8002168B0 /* BackgroundView.swift */ = {isa = PBXFileReference; lastKnownFileType = sourcecode.swift; path = BackgroundView.swift; sourceTree = "<group>"; };
		F939A2892C4D7D0F002168B0 /* FogView.swift */ = {isa = PBXFileReference; lastKnownFileType = sourcecode.swift; path = FogView.swift; sourceTree = "<group>"; };
/* End PBXFileReference section */

/* Begin PBXFrameworksBuildPhase section */
		F939A24A2C467495002168B0 /* Frameworks */ = {
			isa = PBXFrameworksBuildPhase;
			buildActionMask = 2147483647;
			files = (
			);
			runOnlyForDeploymentPostprocessing = 0;
		};
/* End PBXFrameworksBuildPhase section */

/* Begin PBXGroup section */
		F939A2442C467495002168B0 = {
			isa = PBXGroup;
			children = (
				F939A24F2C467495002168B0 /* NaturalPhenomenonApp */,
				F939A24E2C467495002168B0 /* Products */,
			);
			sourceTree = "<group>";
		};
		F939A24E2C467495002168B0 /* Products */ = {
			isa = PBXGroup;
			children = (
				F939A24D2C467495002168B0 /* NaturalPhenomenonApp.app */,
			);
			name = Products;
			sourceTree = "<group>";
		};
		F939A24F2C467495002168B0 /* NaturalPhenomenonApp */ = {
			isa = PBXGroup;
			children = (
				F939A2822C4BCADE002168B0 /* Enums */,
				F939A26F2C4A600D002168B0 /* Utils */,
				F939A2642C490EB7002168B0 /* Views */,
				F939A2502C467495002168B0 /* AppDelegate.swift */,
				F939A2522C467495002168B0 /* SceneDelegate.swift */,
				F939A2542C467495002168B0 /* ViewController.swift */,
				F939A2592C46749C002168B0 /* Assets.xcassets */,
				F939A25E2C46749C002168B0 /* Info.plist */,
				F939A27A2C4B9D44002168B0 /* Localizable.xcstrings */,
			);
			path = NaturalPhenomenonApp;
			sourceTree = "<group>";
		};
		F939A2642C490EB7002168B0 /* Views */ = {
			isa = PBXGroup;
			children = (
				F939A2652C490EDC002168B0 /* SunView.swift */,
				F939A2672C492A53002168B0 /* SunWithCloudsView.swift */,
				F939A2692C494AB6002168B0 /* CloudsView.swift */,
				F939A26B2C4A586A002168B0 /* CloudsWithPrecipitationView.swift */,
				F939A2702C4A8DB6002168B0 /* PrecipitationView.swift */,
				F939A2762C4AA156002168B0 /* StormView.swift */,
				F939A2782C4AA53F002168B0 /* LightningsView.swift */,
				F939A27C2C4BA4F4002168B0 /* RainView.swift */,
				F939A27E2C4BA7BD002168B0 /* SnowView.swift */,
				F939A2802C4BB5F9002168B0 /* WeatherCollectionViewCell.swift */,
				F939A2872C4BD2E8002168B0 /* BackgroundView.swift */,
				F939A2892C4D7D0F002168B0 /* FogView.swift */,
			);
			path = Views;
			sourceTree = "<group>";
		};
		F939A26F2C4A600D002168B0 /* Utils */ = {
			isa = PBXGroup;
			children = (
				F939A26D2C4A6007002168B0 /* CGRectUtils.swift */,
			);
			path = Utils;
			sourceTree = "<group>";
		};
		F939A2822C4BCADE002168B0 /* Enums */ = {
			isa = PBXGroup;
			children = (
				F939A2742C4A9592002168B0 /* Clouds.swift */,
				F939A2832C4BCB01002168B0 /* Precipitations.swift */,
				F939A2852C4BCB15002168B0 /* WeatherTypes.swift */,
			);
			path = Enums;
			sourceTree = "<group>";
		};
/* End PBXGroup section */

/* Begin PBXNativeTarget section */
		F939A24C2C467495002168B0 /* NaturalPhenomenonApp */ = {
			isa = PBXNativeTarget;
			buildConfigurationList = F939A2612C46749C002168B0 /* Build configuration list for PBXNativeTarget "NaturalPhenomenonApp" */;
			buildPhases = (
				F939A2492C467495002168B0 /* Sources */,
				F939A24A2C467495002168B0 /* Frameworks */,
				F939A24B2C467495002168B0 /* Resources */,
			);
			buildRules = (
			);
			dependencies = (
			);
			name = NaturalPhenomenonApp;
			productName = NaturalPhenomenonApp;
			productReference = F939A24D2C467495002168B0 /* NaturalPhenomenonApp.app */;
			productType = "com.apple.product-type.application";
		};
/* End PBXNativeTarget section */

/* Begin PBXProject section */
		F939A2452C467495002168B0 /* Project object */ = {
			isa = PBXProject;
			attributes = {
				BuildIndependentTargetsInParallel = 1;
				LastSwiftUpdateCheck = 1540;
				LastUpgradeCheck = 1540;
				TargetAttributes = {
					F939A24C2C467495002168B0 = {
						CreatedOnToolsVersion = 15.4;
					};
				};
			};
			buildConfigurationList = F939A2482C467495002168B0 /* Build configuration list for PBXProject "NaturalPhenomenonApp" */;
			compatibilityVersion = "Xcode 14.0";
			developmentRegion = en;
			hasScannedForEncodings = 0;
			knownRegions = (
				en,
				Base,
				ru,
			);
			mainGroup = F939A2442C467495002168B0;
			productRefGroup = F939A24E2C467495002168B0 /* Products */;
			projectDirPath = "";
			projectRoot = "";
			targets = (
				F939A24C2C467495002168B0 /* NaturalPhenomenonApp */,
			);
		};
/* End PBXProject section */

/* Begin PBXResourcesBuildPhase section */
		F939A24B2C467495002168B0 /* Resources */ = {
			isa = PBXResourcesBuildPhase;
			buildActionMask = 2147483647;
			files = (
				F939A27B2C4B9D44002168B0 /* Localizable.xcstrings in Resources */,
				F939A25A2C46749C002168B0 /* Assets.xcassets in Resources */,
			);
			runOnlyForDeploymentPostprocessing = 0;
		};
/* End PBXResourcesBuildPhase section */

/* Begin PBXSourcesBuildPhase section */
		F939A2492C467495002168B0 /* Sources */ = {
			isa = PBXSourcesBuildPhase;
			buildActionMask = 2147483647;
			files = (
				F939A2882C4BD2E8002168B0 /* BackgroundView.swift in Sources */,
				F939A2862C4BCB15002168B0 /* WeatherTypes.swift in Sources */,
				F939A27D2C4BA4F4002168B0 /* RainView.swift in Sources */,
				F939A2552C467495002168B0 /* ViewController.swift in Sources */,
				F939A2792C4AA53F002168B0 /* LightningsView.swift in Sources */,
				F939A28A2C4D7D0F002168B0 /* FogView.swift in Sources */,
				F939A2812C4BB5F9002168B0 /* WeatherCollectionViewCell.swift in Sources */,
				F939A2662C490EDC002168B0 /* SunView.swift in Sources */,
				F939A2752C4A9592002168B0 /* Clouds.swift in Sources */,
				F939A26A2C494AB6002168B0 /* CloudsView.swift in Sources */,
				F939A2682C492A53002168B0 /* SunWithCloudsView.swift in Sources */,
				F939A2712C4A8DB6002168B0 /* PrecipitationView.swift in Sources */,
				F939A2512C467495002168B0 /* AppDelegate.swift in Sources */,
				F939A27F2C4BA7BD002168B0 /* SnowView.swift in Sources */,
				F939A26E2C4A6007002168B0 /* CGRectUtils.swift in Sources */,
				F939A2772C4AA156002168B0 /* StormView.swift in Sources */,
				F939A2842C4BCB01002168B0 /* Precipitations.swift in Sources */,
				F939A2532C467495002168B0 /* SceneDelegate.swift in Sources */,
				F939A26C2C4A586A002168B0 /* CloudsWithPrecipitationView.swift in Sources */,
			);
			runOnlyForDeploymentPostprocessing = 0;
		};
/* End PBXSourcesBuildPhase section */

/* Begin XCBuildConfiguration section */
		F939A25F2C46749C002168B0 /* Debug */ = {
			isa = XCBuildConfiguration;
			buildSettings = {
				ALWAYS_SEARCH_USER_PATHS = NO;
				ASSETCATALOG_COMPILER_GENERATE_SWIFT_ASSET_SYMBOL_EXTENSIONS = YES;
				CLANG_ANALYZER_NONNULL = YES;
				CLANG_ANALYZER_NUMBER_OBJECT_CONVERSION = YES_AGGRESSIVE;
				CLANG_CXX_LANGUAGE_STANDARD = "gnu++20";
				CLANG_ENABLE_MODULES = YES;
				CLANG_ENABLE_OBJC_ARC = YES;
				CLANG_ENABLE_OBJC_WEAK = YES;
				CLANG_WARN_BLOCK_CAPTURE_AUTORELEASING = YES;
				CLANG_WARN_BOOL_CONVERSION = YES;
				CLANG_WARN_COMMA = YES;
				CLANG_WARN_CONSTANT_CONVERSION = YES;
				CLANG_WARN_DEPRECATED_OBJC_IMPLEMENTATIONS = YES;
				CLANG_WARN_DIRECT_OBJC_ISA_USAGE = YES_ERROR;
				CLANG_WARN_DOCUMENTATION_COMMENTS = YES;
				CLANG_WARN_EMPTY_BODY = YES;
				CLANG_WARN_ENUM_CONVERSION = YES;
				CLANG_WARN_INFINITE_RECURSION = YES;
				CLANG_WARN_INT_CONVERSION = YES;
				CLANG_WARN_NON_LITERAL_NULL_CONVERSION = YES;
				CLANG_WARN_OBJC_IMPLICIT_RETAIN_SELF = YES;
				CLANG_WARN_OBJC_LITERAL_CONVERSION = YES;
				CLANG_WARN_OBJC_ROOT_CLASS = YES_ERROR;
				CLANG_WARN_QUOTED_INCLUDE_IN_FRAMEWORK_HEADER = YES;
				CLANG_WARN_RANGE_LOOP_ANALYSIS = YES;
				CLANG_WARN_STRICT_PROTOTYPES = YES;
				CLANG_WARN_SUSPICIOUS_MOVE = YES;
				CLANG_WARN_UNGUARDED_AVAILABILITY = YES_AGGRESSIVE;
				CLANG_WARN_UNREACHABLE_CODE = YES;
				CLANG_WARN__DUPLICATE_METHOD_MATCH = YES;
				COPY_PHASE_STRIP = NO;
				DEBUG_INFORMATION_FORMAT = dwarf;
				ENABLE_STRICT_OBJC_MSGSEND = YES;
				ENABLE_TESTABILITY = YES;
				ENABLE_USER_SCRIPT_SANDBOXING = YES;
				GCC_C_LANGUAGE_STANDARD = gnu17;
				GCC_DYNAMIC_NO_PIC = NO;
				GCC_NO_COMMON_BLOCKS = YES;
				GCC_OPTIMIZATION_LEVEL = 0;
				GCC_PREPROCESSOR_DEFINITIONS = (
					"DEBUG=1",
					"$(inherited)",
				);
				GCC_WARN_64_TO_32_BIT_CONVERSION = YES;
				GCC_WARN_ABOUT_RETURN_TYPE = YES_ERROR;
				GCC_WARN_UNDECLARED_SELECTOR = YES;
				GCC_WARN_UNINITIALIZED_AUTOS = YES_AGGRESSIVE;
				GCC_WARN_UNUSED_FUNCTION = YES;
				GCC_WARN_UNUSED_VARIABLE = YES;
				IPHONEOS_DEPLOYMENT_TARGET = 17.5;
				LOCALIZATION_PREFERS_STRING_CATALOGS = YES;
				MTL_ENABLE_DEBUG_INFO = INCLUDE_SOURCE;
				MTL_FAST_MATH = YES;
				ONLY_ACTIVE_ARCH = YES;
				SDKROOT = iphoneos;
				SWIFT_ACTIVE_COMPILATION_CONDITIONS = "DEBUG $(inherited)";
				SWIFT_OPTIMIZATION_LEVEL = "-Onone";
			};
			name = Debug;
		};
		F939A2602C46749C002168B0 /* Release */ = {
			isa = XCBuildConfiguration;
			buildSettings = {
				ALWAYS_SEARCH_USER_PATHS = NO;
				ASSETCATALOG_COMPILER_GENERATE_SWIFT_ASSET_SYMBOL_EXTENSIONS = YES;
				CLANG_ANALYZER_NONNULL = YES;
				CLANG_ANALYZER_NUMBER_OBJECT_CONVERSION = YES_AGGRESSIVE;
				CLANG_CXX_LANGUAGE_STANDARD = "gnu++20";
				CLANG_ENABLE_MODULES = YES;
				CLANG_ENABLE_OBJC_ARC = YES;
				CLANG_ENABLE_OBJC_WEAK = YES;
				CLANG_WARN_BLOCK_CAPTURE_AUTORELEASING = YES;
				CLANG_WARN_BOOL_CONVERSION = YES;
				CLANG_WARN_COMMA = YES;
				CLANG_WARN_CONSTANT_CONVERSION = YES;
				CLANG_WARN_DEPRECATED_OBJC_IMPLEMENTATIONS = YES;
				CLANG_WARN_DIRECT_OBJC_ISA_USAGE = YES_ERROR;
				CLANG_WARN_DOCUMENTATION_COMMENTS = YES;
				CLANG_WARN_EMPTY_BODY = YES;
				CLANG_WARN_ENUM_CONVERSION = YES;
				CLANG_WARN_INFINITE_RECURSION = YES;
				CLANG_WARN_INT_CONVERSION = YES;
				CLANG_WARN_NON_LITERAL_NULL_CONVERSION = YES;
				CLANG_WARN_OBJC_IMPLICIT_RETAIN_SELF = YES;
				CLANG_WARN_OBJC_LITERAL_CONVERSION = YES;
				CLANG_WARN_OBJC_ROOT_CLASS = YES_ERROR;
				CLANG_WARN_QUOTED_INCLUDE_IN_FRAMEWORK_HEADER = YES;
				CLANG_WARN_RANGE_LOOP_ANALYSIS = YES;
				CLANG_WARN_STRICT_PROTOTYPES = YES;
				CLANG_WARN_SUSPICIOUS_MOVE = YES;
				CLANG_WARN_UNGUARDED_AVAILABILITY = YES_AGGRESSIVE;
				CLANG_WARN_UNREACHABLE_CODE = YES;
				CLANG_WARN__DUPLICATE_METHOD_MATCH = YES;
				COPY_PHASE_STRIP = NO;
				DEBUG_INFORMATION_FORMAT = "dwarf-with-dsym";
				ENABLE_NS_ASSERTIONS = NO;
				ENABLE_STRICT_OBJC_MSGSEND = YES;
				ENABLE_USER_SCRIPT_SANDBOXING = YES;
				GCC_C_LANGUAGE_STANDARD = gnu17;
				GCC_NO_COMMON_BLOCKS = YES;
				GCC_WARN_64_TO_32_BIT_CONVERSION = YES;
				GCC_WARN_ABOUT_RETURN_TYPE = YES_ERROR;
				GCC_WARN_UNDECLARED_SELECTOR = YES;
				GCC_WARN_UNINITIALIZED_AUTOS = YES_AGGRESSIVE;
				GCC_WARN_UNUSED_FUNCTION = YES;
				GCC_WARN_UNUSED_VARIABLE = YES;
				IPHONEOS_DEPLOYMENT_TARGET = 17.5;
				LOCALIZATION_PREFERS_STRING_CATALOGS = YES;
				MTL_ENABLE_DEBUG_INFO = NO;
				MTL_FAST_MATH = YES;
				SDKROOT = iphoneos;
				SWIFT_COMPILATION_MODE = wholemodule;
				VALIDATE_PRODUCT = YES;
			};
			name = Release;
		};
		F939A2622C46749C002168B0 /* Debug */ = {
			isa = XCBuildConfiguration;
			buildSettings = {
				ASSETCATALOG_COMPILER_APPICON_NAME = AppIcon;
				ASSETCATALOG_COMPILER_GLOBAL_ACCENT_COLOR_NAME = AccentColor;
				CODE_SIGN_STYLE = Automatic;
				CURRENT_PROJECT_VERSION = 1;
				DEVELOPMENT_TEAM = ZYCY24J2LU;
				GENERATE_INFOPLIST_FILE = YES;
				INFOPLIST_FILE = NaturalPhenomenonApp/Info.plist;
				INFOPLIST_KEY_UIApplicationSupportsIndirectInputEvents = YES;
				INFOPLIST_KEY_UISupportedInterfaceOrientations_iPad = "UIInterfaceOrientationPortrait UIInterfaceOrientationPortraitUpsideDown UIInterfaceOrientationLandscapeLeft UIInterfaceOrientationLandscapeRight";
				INFOPLIST_KEY_UISupportedInterfaceOrientations_iPhone = "UIInterfaceOrientationPortrait UIInterfaceOrientationLandscapeLeft UIInterfaceOrientationLandscapeRight";
				LD_RUNPATH_SEARCH_PATHS = (
					"$(inherited)",
					"@executable_path/Frameworks",
				);
				MARKETING_VERSION = 1.0;
				PRODUCT_BUNDLE_IDENTIFIER = "Yoji-kms.NaturalPhenomenonApp";
				PRODUCT_NAME = "$(TARGET_NAME)";
				SWIFT_EMIT_LOC_STRINGS = YES;
				SWIFT_VERSION = 5.0;
				TARGETED_DEVICE_FAMILY = "1,2";
			};
			name = Debug;
		};
		F939A2632C46749C002168B0 /* Release */ = {
			isa = XCBuildConfiguration;
			buildSettings = {
				ASSETCATALOG_COMPILER_APPICON_NAME = AppIcon;
				ASSETCATALOG_COMPILER_GLOBAL_ACCENT_COLOR_NAME = AccentColor;
				CODE_SIGN_STYLE = Automatic;
				CURRENT_PROJECT_VERSION = 1;
				DEVELOPMENT_TEAM = ZYCY24J2LU;
				GENERATE_INFOPLIST_FILE = YES;
				INFOPLIST_FILE = NaturalPhenomenonApp/Info.plist;
				INFOPLIST_KEY_UIApplicationSupportsIndirectInputEvents = YES;
				INFOPLIST_KEY_UISupportedInterfaceOrientations_iPad = "UIInterfaceOrientationPortrait UIInterfaceOrientationPortraitUpsideDown UIInterfaceOrientationLandscapeLeft UIInterfaceOrientationLandscapeRight";
				INFOPLIST_KEY_UISupportedInterfaceOrientations_iPhone = "UIInterfaceOrientationPortrait UIInterfaceOrientationLandscapeLeft UIInterfaceOrientationLandscapeRight";
				LD_RUNPATH_SEARCH_PATHS = (
					"$(inherited)",
					"@executable_path/Frameworks",
				);
				MARKETING_VERSION = 1.0;
				PRODUCT_BUNDLE_IDENTIFIER = "Yoji-kms.NaturalPhenomenonApp";
				PRODUCT_NAME = "$(TARGET_NAME)";
				SWIFT_EMIT_LOC_STRINGS = YES;
				SWIFT_VERSION = 5.0;
				TARGETED_DEVICE_FAMILY = "1,2";
			};
			name = Release;
		};
/* End XCBuildConfiguration section */

/* Begin XCConfigurationList section */
		F939A2482C467495002168B0 /* Build configuration list for PBXProject "NaturalPhenomenonApp" */ = {
			isa = XCConfigurationList;
			buildConfigurations = (
				F939A25F2C46749C002168B0 /* Debug */,
				F939A2602C46749C002168B0 /* Release */,
			);
			defaultConfigurationIsVisible = 0;
			defaultConfigurationName = Release;
		};
		F939A2612C46749C002168B0 /* Build configuration list for PBXNativeTarget "NaturalPhenomenonApp" */ = {
			isa = XCConfigurationList;
			buildConfigurations = (
				F939A2622C46749C002168B0 /* Debug */,
				F939A2632C46749C002168B0 /* Release */,
			);
			defaultConfigurationIsVisible = 0;
			defaultConfigurationName = Release;
		};
/* End XCConfigurationList section */
	};
	rootObject = F939A2452C467495002168B0 /* Project object */;
}
